// !$*UTF8*$!
{
	archiveVersion = 1;
	classes = {
	};
	objectVersion = 50;
	objects = {

/* Begin PBXBuildFile section */
		D463AC8622ABD1BF007BFB93 /* AppDelegate.swift in Sources */ = {isa = PBXBuildFile; fileRef = D463AC8522ABD1BF007BFB93 /* AppDelegate.swift */; };
		D463AC8822ABD1BF007BFB93 /* ViewController.swift in Sources */ = {isa = PBXBuildFile; fileRef = D463AC8722ABD1BF007BFB93 /* ViewController.swift */; };
		D463AC8B22ABD1BF007BFB93 /* Main.storyboard in Resources */ = {isa = PBXBuildFile; fileRef = D463AC8922ABD1BF007BFB93 /* Main.storyboard */; };
		D463AC8D22ABD1C1007BFB93 /* Assets.xcassets in Resources */ = {isa = PBXBuildFile; fileRef = D463AC8C22ABD1C1007BFB93 /* Assets.xcassets */; };
		D463AC9022ABD1C1007BFB93 /* LaunchScreen.storyboard in Resources */ = {isa = PBXBuildFile; fileRef = D463AC8E22ABD1C1007BFB93 /* LaunchScreen.storyboard */; };
		D463AC9822ABD201007BFB93 /* addressform.html in Resources */ = {isa = PBXBuildFile; fileRef = D463AC9722ABD201007BFB93 /* addressform.html */; };
/* End PBXBuildFile section */

/* Begin PBXFileReference section */
		D463AC8222ABD1BF007BFB93 /* WebView To Native.app */ = {isa = PBXFileReference; explicitFileType = wrapper.application; includeInIndex = 0; path = "WebView To Native.app"; sourceTree = BUILT_PRODUCTS_DIR; };
		D463AC8522ABD1BF007BFB93 /* AppDelegate.swift */ = {isa = PBXFileReference; lastKnownFileType = sourcecode.swift; path = AppDelegate.swift; sourceTree = "<group>"; };
		D463AC8722ABD1BF007BFB93 /* ViewController.swift */ = {isa = PBXFileReference; lastKnownFileType = sourcecode.swift; path = ViewController.swift; sourceTree = "<group>"; };
		D463AC8A22ABD1BF007BFB93 /* Base */ = {isa = PBXFileReference; lastKnownFileType = file.storyboard; name = Base; path = Base.lproj/Main.storyboard; sourceTree = "<group>"; };
		D463AC8C22ABD1C1007BFB93 /* Assets.xcassets */ = {isa = PBXFileReference; lastKnownFileType = folder.assetcatalog; path = Assets.xcassets; sourceTree = "<group>"; };
		D463AC8F22ABD1C1007BFB93 /* Base */ = {isa = PBXFileReference; lastKnownFileType = file.storyboard; name = Base; path = Base.lproj/LaunchScreen.storyboard; sourceTree = "<group>"; };
		D463AC9122ABD1C1007BFB93 /* Info.plist */ = {isa = PBXFileReference; lastKnownFileType = text.plist.xml; path = Info.plist; sourceTree = "<group>"; };
		D463AC9722ABD201007BFB93 /* addressform.html */ = {isa = PBXFileReference; fileEncoding = 4; lastKnownFileType = text.html; path = addressform.html; sourceTree = "<group>"; };
/* End PBXFileReference section */

/* Begin PBXFrameworksBuildPhase section */
		D463AC7F22ABD1BF007BFB93 /* Frameworks */ = {
			isa = PBXFrameworksBuildPhase;
			buildActionMask = 2147483647;
			files = (
			);
			runOnlyForDeploymentPostprocessing = 0;
		};
/* End PBXFrameworksBuildPhase section */

/* Begin PBXGroup section */
		D463AC7922ABD1BE007BFB93 = {
			isa = PBXGroup;
			children = (
				D463AC8422ABD1BF007BFB93 /* WebView To Native */,
				D463AC8322ABD1BF007BFB93 /* Products */,
			);
			sourceTree = "<group>";
		};
		D463AC8322ABD1BF007BFB93 /* Products */ = {
			isa = PBXGroup;
			children = (
				D463AC8222ABD1BF007BFB93 /* WebView To Native.app */,
			);
			name = Products;
			sourceTree = "<group>";
		};
		D463AC8422ABD1BF007BFB93 /* WebView To Native */ = {
			isa = PBXGroup;
			children = (
				D463AC9722ABD201007BFB93 /* addressform.html */,
				D463AC8522ABD1BF007BFB93 /* AppDelegate.swift */,
				D463AC8722ABD1BF007BFB93 /* ViewController.swift */,
				D463AC8922ABD1BF007BFB93 /* Main.storyboard */,
				D463AC8C22ABD1C1007BFB93 /* Assets.xcassets */,
				D463AC8E22ABD1C1007BFB93 /* LaunchScreen.storyboard */,
				D463AC9122ABD1C1007BFB93 /* Info.plist */,
			);
			path = "WebView To Native";
			sourceTree = "<group>";
		};
/* End PBXGroup section */

/* Begin PBXNativeTarget section */
		D463AC8122ABD1BF007BFB93 /* WebView To Native */ = {
			isa = PBXNativeTarget;
			buildConfigurationList = D463AC9422ABD1C1007BFB93 /* Build configuration list for PBXNativeTarget "WebView To Native" */;
			buildPhases = (
				D463AC7E22ABD1BF007BFB93 /* Sources */,
				D463AC7F22ABD1BF007BFB93 /* Frameworks */,
				D463AC8022ABD1BF007BFB93 /* Resources */,
			);
			buildRules = (
			);
			dependencies = (
			);
			name = "WebView To Native";
			productName = "WebView To Native";
			productReference = D463AC8222ABD1BF007BFB93 /* WebView To Native.app */;
			productType = "com.apple.product-type.application";
		};
/* End PBXNativeTarget section */

/* Begin PBXProject section */
		D463AC7A22ABD1BE007BFB93 /* Project object */ = {
			isa = PBXProject;
			attributes = {
				LastSwiftUpdateCheck = 1020;
				LastUpgradeCheck = 1020;
				ORGANIZATIONNAME = "Pawan Kumar";
				TargetAttributes = {
					D463AC8122ABD1BF007BFB93 = {
						CreatedOnToolsVersion = 10.2.1;
					};
				};
			};
			buildConfigurationList = D463AC7D22ABD1BE007BFB93 /* Build configuration list for PBXProject "WebView To Native" */;
			compatibilityVersion = "Xcode 9.3";
			developmentRegion = en;
			hasScannedForEncodings = 0;
			knownRegions = (
				en,
				Base,
			);
			mainGroup = D463AC7922ABD1BE007BFB93;
			productRefGroup = D463AC8322ABD1BF007BFB93 /* Products */;
			projectDirPath = "";
			projectRoot = "";
			targets = (
				D463AC8122ABD1BF007BFB93 /* WebView To Native */,
			);
		};
/* End PBXProject section */

/* Begin PBXResourcesBuildPhase section */
		D463AC8022ABD1BF007BFB93 /* Resources */ = {
			isa = PBXResourcesBuildPhase;
			buildActionMask = 2147483647;
			files = (
				D463AC9022ABD1C1007BFB93 /* LaunchScreen.storyboard in Resources */,
				D463AC9822ABD201007BFB93 /* addressform.html in Resources */,
				D463AC8D22ABD1C1007BFB93 /* Assets.xcassets in Resources */,
				D463AC8B22ABD1BF007BFB93 /* Main.storyboard in Resources */,
			);
			runOnlyForDeploymentPostprocessing = 0;
		};
/* End PBXResourcesBuildPhase section */

/* Begin PBXSourcesBuildPhase section */
		D463AC7E22ABD1BF007BFB93 /* Sources */ = {
			isa = PBXSourcesBuildPhase;
			buildActionMask = 2147483647;
			files = (
				D463AC8822ABD1BF007BFB93 /* ViewController.swift in Sources */,
				D463AC8622ABD1BF007BFB93 /* AppDelegate.swift in Sources */,
			);
			runOnlyForDeploymentPostprocessing = 0;
		};
/* End PBXSourcesBuildPhase section */

/* Begin PBXVariantGroup section */
		D463AC8922ABD1BF007BFB93 /* Main.storyboard */ = {
			isa = PBXVariantGroup;
			children = (
				D463AC8A22ABD1BF007BFB93 /* Base */,
			);
			name = Main.storyboard;
			sourceTree = "<group>";
		};
		D463AC8E22ABD1C1007BFB93 /* LaunchScreen.storyboard */ = {
			isa = PBXVariantGroup;
			children = (
				D463AC8F22ABD1C1007BFB93 /* Base */,
			);
			name = LaunchScreen.storyboard;
			sourceTree = "<group>";
		};
/* End PBXVariantGroup section */

/* Begin XCBuildConfiguration section */
		D463AC9222ABD1C1007BFB93 /* Debug */ = {
			isa = XCBuildConfiguration;
			buildSettings = {
				ALWAYS_SEARCH_USER_PATHS = NO;
				CLANG_ANALYZER_NONNULL = YES;
				CLANG_ANALYZER_NUMBER_OBJECT_CONVERSION = YES_AGGRESSIVE;
				CLANG_CXX_LANGUAGE_STANDARD = "gnu++14";
				CLANG_CXX_LIBRARY = "libc++";
				CLANG_ENABLE_MODULES = YES;
				CLANG_ENABLE_OBJC_ARC = YES;
				CLANG_ENABLE_OBJC_WEAK = YES;
				CLANG_WARN_BLOCK_CAPTURE_AUTORELEASING = YES;
				CLANG_WARN_BOOL_CONVERSION = YES;
				CLANG_WARN_COMMA = YES;
				CLANG_WARN_CONSTANT_CONVERSION = YES;
				CLANG_WARN_DEPRECATED_OBJC_IMPLEMENTATIONS = YES;
				CLANG_WARN_DIRECT_OBJC_ISA_USAGE = YES_ERROR;
				CLANG_WARN_DOCUMENTATION_COMMENTS = YES;
				CLANG_WARN_EMPTY_BODY = YES;
				CLANG_WARN_ENUM_CONVERSION = YES;
				CLANG_WARN_INFINITE_RECURSION = YES;
				CLANG_WARN_INT_CONVERSION = YES;
				CLANG_WARN_NON_LITERAL_NULL_CONVERSION = YES;
				CLANG_WARN_OBJC_IMPLICIT_RETAIN_SELF = YES;
				CLANG_WARN_OBJC_LITERAL_CONVERSION = YES;
				CLANG_WARN_OBJC_ROOT_CLASS = YES_ERROR;
				CLANG_WARN_RANGE_LOOP_ANALYSIS = YES;
				CLANG_WARN_STRICT_PROTOTYPES = YES;
				CLANG_WARN_SUSPICIOUS_MOVE = YES;
				CLANG_WARN_UNGUARDED_AVAILABILITY = YES_AGGRESSIVE;
				CLANG_WARN_UNREACHABLE_CODE = YES;
				CLANG_WARN__DUPLICATE_METHOD_MATCH = YES;
				CODE_SIGN_IDENTITY = "iPhone Developer";
				COPY_PHASE_STRIP = NO;
				DEBUG_INFORMATION_FORMAT = dwarf;
				ENABLE_STRICT_OBJC_MSGSEND = YES;
				ENABLE_TESTABILITY = YES;
				GCC_C_LANGUAGE_STANDARD = gnu11;
				GCC_DYNAMIC_NO_PIC = NO;
				GCC_NO_COMMON_BLOCKS = YES;
				GCC_OPTIMIZATION_LEVEL = 0;
				GCC_PREPROCESSOR_DEFINITIONS = (
					"DEBUG=1",
					"$(inherited)",
				);
				GCC_WARN_64_TO_32_BIT_CONVERSION = YES;
				GCC_WARN_ABOUT_RETURN_TYPE = YES_ERROR;
				GCC_WARN_UNDECLARED_SELECTOR = YES;
				GCC_WARN_UNINITIALIZED_AUTOS = YES_AGGRESSIVE;
				GCC_WARN_UNUSED_FUNCTION = YES;
				GCC_WARN_UNUSED_VARIABLE = YES;
				IPHONEOS_DEPLOYMENT_TARGET = 9.0;
				MTL_ENABLE_DEBUG_INFO = INCLUDE_SOURCE;
				MTL_FAST_MATH = YES;
				ONLY_ACTIVE_ARCH = YES;
				SDKROOT = iphoneos;
				SWIFT_ACTIVE_COMPILATION_CONDITIONS = DEBUG;
				SWIFT_OPTIMIZATION_LEVEL = "-Onone";
			};
			name = Debug;
		};
		D463AC9322ABD1C1007BFB93 /* Release */ = {
			isa = XCBuildConfiguration;
			buildSettings = {
				ALWAYS_SEARCH_USER_PATHS = NO;
				CLANG_ANALYZER_NONNULL = YES;
				CLANG_ANALYZER_NUMBER_OBJECT_CONVERSION = YES_AGGRESSIVE;
				CLANG_CXX_LANGUAGE_STANDARD = "gnu++14";
				CLANG_CXX_LIBRARY = "libc++";
				CLANG_ENABLE_MODULES = YES;
				CLANG_ENABLE_OBJC_ARC = YES;
				CLANG_ENABLE_OBJC_WEAK = YES;
				CLANG_WARN_BLOCK_CAPTURE_AUTORELEASING = YES;
				CLANG_WARN_BOOL_CONVERSION = YES;
				CLANG_WARN_COMMA = YES;
				CLANG_WARN_CONSTANT_CONVERSION = YES;
				CLANG_WARN_DEPRECATED_OBJC_IMPLEMENTATIONS = YES;
				CLANG_WARN_DIRECT_OBJC_ISA_USAGE = YES_ERROR;
				CLANG_WARN_DOCUMENTATION_COMMENTS = YES;
				CLANG_WARN_EMPTY_BODY = YES;
				CLANG_WARN_ENUM_CONVERSION = YES;
				CLANG_WARN_INFINITE_RECURSION = YES;
				CLANG_WARN_INT_CONVERSION = YES;
				CLANG_WARN_NON_LITERAL_NULL_CONVERSION = YES;
				CLANG_WARN_OBJC_IMPLICIT_RETAIN_SELF = YES;
				CLANG_WARN_OBJC_LITERAL_CONVERSION = YES;
				CLANG_WARN_OBJC_ROOT_CLASS = YES_ERROR;
				CLANG_WARN_RANGE_LOOP_ANALYSIS = YES;
				CLANG_WARN_STRICT_PROTOTYPES = YES;
				CLANG_WARN_SUSPICIOUS_MOVE = YES;
				CLANG_WARN_UNGUARDED_AVAILABILITY = YES_AGGRESSIVE;
				CLANG_WARN_UNREACHABLE_CODE = YES;
				CLANG_WARN__DUPLICATE_METHOD_MATCH = YES;
				CODE_SIGN_IDENTITY = "iPhone Developer";
				COPY_PHASE_STRIP = NO;
				DEBUG_INFORMATION_FORMAT = "dwarf-with-dsym";
				ENABLE_NS_ASSERTIONS = NO;
				ENABLE_STRICT_OBJC_MSGSEND = YES;
				GCC_C_LANGUAGE_STANDARD = gnu11;
				GCC_NO_COMMON_BLOCKS = YES;
				GCC_WARN_64_TO_32_BIT_CONVERSION = YES;
				GCC_WARN_ABOUT_RETURN_TYPE = YES_ERROR;
				GCC_WARN_UNDECLARED_SELECTOR = YES;
				GCC_WARN_UNINITIALIZED_AUTOS = YES_AGGRESSIVE;
				GCC_WARN_UNUSED_FUNCTION = YES;
				GCC_WARN_UNUSED_VARIABLE = YES;
				IPHONEOS_DEPLOYMENT_TARGET = 9.0;
				MTL_ENABLE_DEBUG_INFO = NO;
				MTL_FAST_MATH = YES;
				SDKROOT = iphoneos;
				SWIFT_COMPILATION_MODE = wholemodule;
				SWIFT_OPTIMIZATION_LEVEL = "-O";
				VALIDATE_PRODUCT = YES;
			};
			name = Release;
		};
		D463AC9522ABD1C1007BFB93 /* Debug */ = {
			isa = XCBuildConfiguration;
			buildSettings = {
				ASSETCATALOG_COMPILER_APPICON_NAME = AppIcon;
				CODE_SIGN_STYLE = Automatic;
				INFOPLIST_FILE = "WebView To Native/Info.plist";
				IPHONEOS_DEPLOYMENT_TARGET = 9.0;
				LD_RUNPATH_SEARCH_PATHS = (
					"$(inherited)",
					"@executable_path/Frameworks",
				);
				PRODUCT_BUNDLE_IDENTIFIER = "com.pk.WebView-To-Native";
				PRODUCT_NAME = "$(TARGET_NAME)";
				SWIFT_VERSION = 5.0;
				TARGETED_DEVICE_FAMILY = "1,2";
			};
			name = Debug;
		};
		D463AC9622ABD1C1007BFB93 /* Release */ = {
			isa = XCBuildConfiguration;
			buildSettings = {
				ASSETCATALOG_COMPILER_APPICON_NAME = AppIcon;
				CODE_SIGN_STYLE = Automatic;
				INFOPLIST_FILE = "WebView To Native/Info.plist";
				IPHONEOS_DEPLOYMENT_TARGET = 9.0;
				LD_RUNPATH_SEARCH_PATHS = (
					"$(inherited)",
					"@executable_path/Frameworks",
				);
				PRODUCT_BUNDLE_IDENTIFIER = "com.pk.WebView-To-Native";
				PRODUCT_NAME = "$(TARGET_NAME)";
				SWIFT_VERSION = 5.0;
				TARGETED_DEVICE_FAMILY = "1,2";
			};
			name = Release;
		};
/* End XCBuildConfiguration section */

/* Begin XCConfigurationList section */
		D463AC7D22ABD1BE007BFB93 /* Build configuration list for PBXProject "WebView To Native" */ = {
			isa = XCConfigurationList;
			buildConfigurations = (
				D463AC9222ABD1C1007BFB93 /* Debug */,
				D463AC9322ABD1C1007BFB93 /* Release */,
			);
			defaultConfigurationIsVisible = 0;
			defaultConfigurationName = Release;
		};
		D463AC9422ABD1C1007BFB93 /* Build configuration list for PBXNativeTarget "WebView To Native" */ = {
			isa = XCConfigurationList;
			buildConfigurations = (
				D463AC9522ABD1C1007BFB93 /* Debug */,
				D463AC9622ABD1C1007BFB93 /* Release */,
			);
			defaultConfigurationIsVisible = 0;
			defaultConfigurationName = Release;
		};
/* End XCConfigurationList section */
	};
	rootObject = D463AC7A22ABD1BE007BFB93 /* Project object */;
}
